
Microsoft Visual Studio Solution File, Format Version 12.00
# Visual Studio Version 17
VisualStudioVersion = 17.10.35122.118
MinimumVisualStudioVersion = 10.0.40219.1
Project("{888888A0-9F3D-457C-B088-3A5042F75D52}") = "AutoRegistration", "AutoRegistration\AutoRegistration.pyproj", "{003F9BA4-B394-4584-AF48-75271509085B}"
EndProject
Global
	GlobalSection(SolutionConfigurationPlatforms) = preSolution
		Debug|Any CPU = Debug|Any CPU
		Release|Any CPU = Release|Any CPU
	EndGlobalSection
	GlobalSection(ProjectConfigurationPlatforms) = postSolution
		{003F9BA4-B394-4584-AF48-75271509085B}.Debug|Any CPU.ActiveCfg = Debug|Any CPU
		{003F9BA4-B394-4584-AF48-75271509085B}.Release|Any CPU.ActiveCfg = Release|Any CPU
	EndGlobalSection
	GlobalSection(SolutionProperties) = preSolution
		HideSolutionNode = FALSE
	EndGlobalSection
	GlobalSection(ExtensibilityGlobals) = postSolution
		SolutionGuid = {41D338FF-0876-4EA1-8048-B389561FC697}
	EndGlobalSection
EndGlobal
